// !$*UTF8*$!
{
	archiveVersion = 1;
	classes = {
	};
	objectVersion = 56;
	objects = {

/* Begin PBXBuildFile section */
		871E7AD5290531A9005CED45 /* AppDelegate.swift in Sources */ = {isa = PBXBuildFile; fileRef = 871E7AD4290531A9005CED45 /* AppDelegate.swift */; };
		871E7AD7290531A9005CED45 /* SceneDelegate.swift in Sources */ = {isa = PBXBuildFile; fileRef = 871E7AD6290531A9005CED45 /* SceneDelegate.swift */; };
		871E7AD9290531A9005CED45 /* MainTabBarViewController.swift in Sources */ = {isa = PBXBuildFile; fileRef = 871E7AD8290531A9005CED45 /* MainTabBarViewController.swift */; };
		871E7ADE290531AA005CED45 /* Assets.xcassets in Resources */ = {isa = PBXBuildFile; fileRef = 871E7ADD290531AA005CED45 /* Assets.xcassets */; };
		871E7AE1290531AA005CED45 /* LaunchScreen.storyboard in Resources */ = {isa = PBXBuildFile; fileRef = 871E7ADF290531AA005CED45 /* LaunchScreen.storyboard */; };
		871E7AEA29053D0D005CED45 /* HomeViewController.swift in Sources */ = {isa = PBXBuildFile; fileRef = 871E7AE929053D0D005CED45 /* HomeViewController.swift */; };
		871E7AEC29053D67005CED45 /* UpcomingViewController.swift in Sources */ = {isa = PBXBuildFile; fileRef = 871E7AEB29053D67005CED45 /* UpcomingViewController.swift */; };
		871E7AEE29053DA0005CED45 /* SearchViewController.swift in Sources */ = {isa = PBXBuildFile; fileRef = 871E7AED29053DA0005CED45 /* SearchViewController.swift */; };
		871E7AF029053DE0005CED45 /* DownloadsViewController.swift in Sources */ = {isa = PBXBuildFile; fileRef = 871E7AEF29053DE0005CED45 /* DownloadsViewController.swift */; };
		871E7AF829055143005CED45 /* CollectionVievTableViewCell.swift in Sources */ = {isa = PBXBuildFile; fileRef = 871E7AF729055143005CED45 /* CollectionVievTableViewCell.swift */; };
		871E7AFA29055A67005CED45 /* HeroHeaderUIView.swift in Sources */ = {isa = PBXBuildFile; fileRef = 871E7AF929055A67005CED45 /* HeroHeaderUIView.swift */; };
		871E7AFC29059083005CED45 /* APICaller.swift in Sources */ = {isa = PBXBuildFile; fileRef = 871E7AFB29059083005CED45 /* APICaller.swift */; };
		871E7AFE2905953D005CED45 /* Title.swift in Sources */ = {isa = PBXBuildFile; fileRef = 871E7AFD2905953D005CED45 /* Title.swift */; };
		8745B4B72906D30400E18259 /* TitleCollectionViewCell.swift in Sources */ = {isa = PBXBuildFile; fileRef = 8745B4B62906D30400E18259 /* TitleCollectionViewCell.swift */; };
		8745B4BA2907016800E18259 /* SDWebImage in Frameworks */ = {isa = PBXBuildFile; productRef = 8745B4B92907016800E18259 /* SDWebImage */; };
		8745B4BC2907016800E18259 /* SDWebImageMapKit in Frameworks */ = {isa = PBXBuildFile; productRef = 8745B4BB2907016800E18259 /* SDWebImageMapKit */; };
		8745B4BE2907A94600E18259 /* TitleTableViewCell.swift in Sources */ = {isa = PBXBuildFile; fileRef = 8745B4BD2907A94600E18259 /* TitleTableViewCell.swift */; };
		8745B4C02907AE2600E18259 /* TitleViewModel.swift in Sources */ = {isa = PBXBuildFile; fileRef = 8745B4BF2907AE2600E18259 /* TitleViewModel.swift */; };
		8745B4C22908F7D800E18259 /* SearchResoultViewController.swift in Sources */ = {isa = PBXBuildFile; fileRef = 8745B4C12908F7D800E18259 /* SearchResoultViewController.swift */; };
		8745B4C629099E8800E18259 /* YoutubeSearchResponse.swift in Sources */ = {isa = PBXBuildFile; fileRef = 8745B4C529099E8800E18259 /* YoutubeSearchResponse.swift */; };
		8745B4C8290A4BBE00E18259 /* TitlePreviewViewController.swift in Sources */ = {isa = PBXBuildFile; fileRef = 8745B4C7290A4BBE00E18259 /* TitlePreviewViewController.swift */; };
		8745B4CA290A53A400E18259 /* TitlePreviewViewModel.swift in Sources */ = {isa = PBXBuildFile; fileRef = 8745B4C9290A53A400E18259 /* TitlePreviewViewModel.swift */; };
/* End PBXBuildFile section */

/* Begin PBXFileReference section */
		871E7AD1290531A9005CED45 /* Netflix Copy.app */ = {isa = PBXFileReference; explicitFileType = wrapper.application; includeInIndex = 0; path = "Netflix Copy.app"; sourceTree = BUILT_PRODUCTS_DIR; };
		871E7AD4290531A9005CED45 /* AppDelegate.swift */ = {isa = PBXFileReference; lastKnownFileType = sourcecode.swift; path = AppDelegate.swift; sourceTree = "<group>"; };
		871E7AD6290531A9005CED45 /* SceneDelegate.swift */ = {isa = PBXFileReference; lastKnownFileType = sourcecode.swift; path = SceneDelegate.swift; sourceTree = "<group>"; };
		871E7AD8290531A9005CED45 /* MainTabBarViewController.swift */ = {isa = PBXFileReference; lastKnownFileType = sourcecode.swift; path = MainTabBarViewController.swift; sourceTree = "<group>"; };
		871E7ADD290531AA005CED45 /* Assets.xcassets */ = {isa = PBXFileReference; lastKnownFileType = folder.assetcatalog; path = Assets.xcassets; sourceTree = "<group>"; };
		871E7AE0290531AA005CED45 /* Base */ = {isa = PBXFileReference; lastKnownFileType = file.storyboard; name = Base; path = Base.lproj/LaunchScreen.storyboard; sourceTree = "<group>"; };
		871E7AE2290531AA005CED45 /* Info.plist */ = {isa = PBXFileReference; lastKnownFileType = text.plist.xml; path = Info.plist; sourceTree = "<group>"; };
		871E7AE929053D0D005CED45 /* HomeViewController.swift */ = {isa = PBXFileReference; lastKnownFileType = sourcecode.swift; path = HomeViewController.swift; sourceTree = "<group>"; wrapsLines = 1; };
		871E7AEB29053D67005CED45 /* UpcomingViewController.swift */ = {isa = PBXFileReference; lastKnownFileType = sourcecode.swift; path = UpcomingViewController.swift; sourceTree = "<group>"; };
		871E7AED29053DA0005CED45 /* SearchViewController.swift */ = {isa = PBXFileReference; lastKnownFileType = sourcecode.swift; path = SearchViewController.swift; sourceTree = "<group>"; };
		871E7AEF29053DE0005CED45 /* DownloadsViewController.swift */ = {isa = PBXFileReference; lastKnownFileType = sourcecode.swift; path = DownloadsViewController.swift; sourceTree = "<group>"; };
		871E7AF729055143005CED45 /* CollectionVievTableViewCell.swift */ = {isa = PBXFileReference; lastKnownFileType = sourcecode.swift; path = CollectionVievTableViewCell.swift; sourceTree = "<group>"; };
		871E7AF929055A67005CED45 /* HeroHeaderUIView.swift */ = {isa = PBXFileReference; lastKnownFileType = sourcecode.swift; path = HeroHeaderUIView.swift; sourceTree = "<group>"; };
		871E7AFB29059083005CED45 /* APICaller.swift */ = {isa = PBXFileReference; lastKnownFileType = sourcecode.swift; path = APICaller.swift; sourceTree = "<group>"; };
		871E7AFD2905953D005CED45 /* Title.swift */ = {isa = PBXFileReference; lastKnownFileType = sourcecode.swift; path = Title.swift; sourceTree = "<group>"; };
		8745B4B62906D30400E18259 /* TitleCollectionViewCell.swift */ = {isa = PBXFileReference; lastKnownFileType = sourcecode.swift; path = TitleCollectionViewCell.swift; sourceTree = "<group>"; };
		8745B4BD2907A94600E18259 /* TitleTableViewCell.swift */ = {isa = PBXFileReference; lastKnownFileType = sourcecode.swift; path = TitleTableViewCell.swift; sourceTree = "<group>"; };
		8745B4BF2907AE2600E18259 /* TitleViewModel.swift */ = {isa = PBXFileReference; lastKnownFileType = sourcecode.swift; path = TitleViewModel.swift; sourceTree = "<group>"; };
		8745B4C12908F7D800E18259 /* SearchResoultViewController.swift */ = {isa = PBXFileReference; lastKnownFileType = sourcecode.swift; path = SearchResoultViewController.swift; sourceTree = "<group>"; };
		8745B4C529099E8800E18259 /* YoutubeSearchResponse.swift */ = {isa = PBXFileReference; lastKnownFileType = sourcecode.swift; path = YoutubeSearchResponse.swift; sourceTree = "<group>"; };
		8745B4C7290A4BBE00E18259 /* TitlePreviewViewController.swift */ = {isa = PBXFileReference; lastKnownFileType = sourcecode.swift; path = TitlePreviewViewController.swift; sourceTree = "<group>"; };
		8745B4C9290A53A400E18259 /* TitlePreviewViewModel.swift */ = {isa = PBXFileReference; lastKnownFileType = sourcecode.swift; path = TitlePreviewViewModel.swift; sourceTree = "<group>"; };
/* End PBXFileReference section */

/* Begin PBXFrameworksBuildPhase section */
		871E7ACE290531A9005CED45 /* Frameworks */ = {
			isa = PBXFrameworksBuildPhase;
			buildActionMask = 2147483647;
			files = (
				8745B4BC2907016800E18259 /* SDWebImageMapKit in Frameworks */,
				8745B4BA2907016800E18259 /* SDWebImage in Frameworks */,
			);
			runOnlyForDeploymentPostprocessing = 0;
		};
/* End PBXFrameworksBuildPhase section */

/* Begin PBXGroup section */
		871E7AC8290531A9005CED45 = {
			isa = PBXGroup;
			children = (
				871E7AD3290531A9005CED45 /* Netflix Copy */,
				871E7AD2290531A9005CED45 /* Products */,
			);
			sourceTree = "<group>";
		};
		871E7AD2290531A9005CED45 /* Products */ = {
			isa = PBXGroup;
			children = (
				871E7AD1290531A9005CED45 /* Netflix Copy.app */,
			);
			name = Products;
			sourceTree = "<group>";
		};
		871E7AD3290531A9005CED45 /* Netflix Copy */ = {
			isa = PBXGroup;
			children = (
				871E7AF6290550F3005CED45 /* Managers */,
				871E7AF5290550E1005CED45 /* Resources */,
				871E7AF4290550A4005CED45 /* Models */,
				871E7AF129055042005CED45 /* Views */,
				871E7AF329055089005CED45 /* ViewModels */,
				871E7AE829053CAF005CED45 /* Controllers */,
				871E7AD4290531A9005CED45 /* AppDelegate.swift */,
				871E7AD6290531A9005CED45 /* SceneDelegate.swift */,
				871E7ADD290531AA005CED45 /* Assets.xcassets */,
				871E7ADF290531AA005CED45 /* LaunchScreen.storyboard */,
				871E7AE2290531AA005CED45 /* Info.plist */,
			);
			path = "Netflix Copy";
			sourceTree = "<group>";
		};
		871E7AE829053CAF005CED45 /* Controllers */ = {
			isa = PBXGroup;
			children = (
				8745B4C42908F83700E18259 /* General */,
				8745B4C32908F80A00E18259 /* Core */,
			);
			path = Controllers;
			sourceTree = "<group>";
		};
		871E7AF129055042005CED45 /* Views */ = {
			isa = PBXGroup;
			children = (
				871E7AF729055143005CED45 /* CollectionVievTableViewCell.swift */,
				871E7AF929055A67005CED45 /* HeroHeaderUIView.swift */,
				8745B4B62906D30400E18259 /* TitleCollectionViewCell.swift */,
				8745B4BD2907A94600E18259 /* TitleTableViewCell.swift */,
			);
			path = Views;
			sourceTree = "<group>";
		};
		871E7AF329055089005CED45 /* ViewModels */ = {
			isa = PBXGroup;
			children = (
				8745B4BF2907AE2600E18259 /* TitleViewModel.swift */,
				8745B4C9290A53A400E18259 /* TitlePreviewViewModel.swift */,
			);
			path = ViewModels;
			sourceTree = "<group>";
		};
		871E7AF4290550A4005CED45 /* Models */ = {
			isa = PBXGroup;
			children = (
				871E7AFD2905953D005CED45 /* Title.swift */,
				8745B4C529099E8800E18259 /* YoutubeSearchResponse.swift */,
			);
			path = Models;
			sourceTree = "<group>";
		};
		871E7AF5290550E1005CED45 /* Resources */ = {
			isa = PBXGroup;
			children = (
			);
			path = Resources;
			sourceTree = "<group>";
		};
		871E7AF6290550F3005CED45 /* Managers */ = {
			isa = PBXGroup;
			children = (
				871E7AFB29059083005CED45 /* APICaller.swift */,
			);
			name = Managers;
			sourceTree = "<group>";
		};
		8745B4C32908F80A00E18259 /* Core */ = {
			isa = PBXGroup;
			children = (
				871E7AE929053D0D005CED45 /* HomeViewController.swift */,
				871E7AEB29053D67005CED45 /* UpcomingViewController.swift */,
				871E7AED29053DA0005CED45 /* SearchViewController.swift */,
				871E7AD8290531A9005CED45 /* MainTabBarViewController.swift */,
				871E7AEF29053DE0005CED45 /* DownloadsViewController.swift */,
			);
			path = Core;
			sourceTree = "<group>";
		};
		8745B4C42908F83700E18259 /* General */ = {
			isa = PBXGroup;
			children = (
				8745B4C12908F7D800E18259 /* SearchResoultViewController.swift */,
				8745B4C7290A4BBE00E18259 /* TitlePreviewViewController.swift */,
			);
			path = General;
			sourceTree = "<group>";
		};
/* End PBXGroup section */

/* Begin PBXNativeTarget section */
		871E7AD0290531A9005CED45 /* Netflix Copy */ = {
			isa = PBXNativeTarget;
			buildConfigurationList = 871E7AE5290531AA005CED45 /* Build configuration list for PBXNativeTarget "Netflix Copy" */;
			buildPhases = (
				871E7ACD290531A9005CED45 /* Sources */,
				871E7ACE290531A9005CED45 /* Frameworks */,
				871E7ACF290531A9005CED45 /* Resources */,
			);
			buildRules = (
			);
			dependencies = (
			);
			name = "Netflix Copy";
			packageProductDependencies = (
				8745B4B92907016800E18259 /* SDWebImage */,
				8745B4BB2907016800E18259 /* SDWebImageMapKit */,
			);
			productName = "Netflix Copy";
			productReference = 871E7AD1290531A9005CED45 /* Netflix Copy.app */;
			productType = "com.apple.product-type.application";
		};
/* End PBXNativeTarget section */

/* Begin PBXProject section */
		871E7AC9290531A9005CED45 /* Project object */ = {
			isa = PBXProject;
			attributes = {
				BuildIndependentTargetsInParallel = 1;
				LastSwiftUpdateCheck = 1400;
				LastUpgradeCheck = 1400;
				TargetAttributes = {
					871E7AD0290531A9005CED45 = {
						CreatedOnToolsVersion = 14.0.1;
					};
				};
			};
			buildConfigurationList = 871E7ACC290531A9005CED45 /* Build configuration list for PBXProject "Netflix Copy" */;
			compatibilityVersion = "Xcode 14.0";
			developmentRegion = en;
			hasScannedForEncodings = 0;
			knownRegions = (
				en,
				Base,
			);
			mainGroup = 871E7AC8290531A9005CED45;
			packageReferences = (
				8745B4B82907016800E18259 /* XCRemoteSwiftPackageReference "SDWebImage" */,
			);
			productRefGroup = 871E7AD2290531A9005CED45 /* Products */;
			projectDirPath = "";
			projectRoot = "";
			targets = (
				871E7AD0290531A9005CED45 /* Netflix Copy */,
			);
		};
/* End PBXProject section */

/* Begin PBXResourcesBuildPhase section */
		871E7ACF290531A9005CED45 /* Resources */ = {
			isa = PBXResourcesBuildPhase;
			buildActionMask = 2147483647;
			files = (
				871E7AE1290531AA005CED45 /* LaunchScreen.storyboard in Resources */,
				871E7ADE290531AA005CED45 /* Assets.xcassets in Resources */,
			);
			runOnlyForDeploymentPostprocessing = 0;
		};
/* End PBXResourcesBuildPhase section */

/* Begin PBXSourcesBuildPhase section */
		871E7ACD290531A9005CED45 /* Sources */ = {
			isa = PBXSourcesBuildPhase;
			buildActionMask = 2147483647;
			files = (
				8745B4CA290A53A400E18259 /* TitlePreviewViewModel.swift in Sources */,
				871E7AEE29053DA0005CED45 /* SearchViewController.swift in Sources */,
				871E7AD9290531A9005CED45 /* MainTabBarViewController.swift in Sources */,
				8745B4C8290A4BBE00E18259 /* TitlePreviewViewController.swift in Sources */,
				8745B4BE2907A94600E18259 /* TitleTableViewCell.swift in Sources */,
				8745B4C22908F7D800E18259 /* SearchResoultViewController.swift in Sources */,
				871E7AF029053DE0005CED45 /* DownloadsViewController.swift in Sources */,
				871E7AFC29059083005CED45 /* APICaller.swift in Sources */,
				871E7AFA29055A67005CED45 /* HeroHeaderUIView.swift in Sources */,
				871E7AD5290531A9005CED45 /* AppDelegate.swift in Sources */,
				8745B4C629099E8800E18259 /* YoutubeSearchResponse.swift in Sources */,
				871E7AD7290531A9005CED45 /* SceneDelegate.swift in Sources */,
				871E7AEC29053D67005CED45 /* UpcomingViewController.swift in Sources */,
				871E7AEA29053D0D005CED45 /* HomeViewController.swift in Sources */,
				8745B4B72906D30400E18259 /* TitleCollectionViewCell.swift in Sources */,
				8745B4C02907AE2600E18259 /* TitleViewModel.swift in Sources */,
				871E7AFE2905953D005CED45 /* Title.swift in Sources */,
				871E7AF829055143005CED45 /* CollectionVievTableViewCell.swift in Sources */,
			);
			runOnlyForDeploymentPostprocessing = 0;
		};
/* End PBXSourcesBuildPhase section */

/* Begin PBXVariantGroup section */
		871E7ADF290531AA005CED45 /* LaunchScreen.storyboard */ = {
			isa = PBXVariantGroup;
			children = (
				871E7AE0290531AA005CED45 /* Base */,
			);
			name = LaunchScreen.storyboard;
			sourceTree = "<group>";
		};
/* End PBXVariantGroup section */

/* Begin XCBuildConfiguration section */
		871E7AE3290531AA005CED45 /* Debug */ = {
			isa = XCBuildConfiguration;
			buildSettings = {
				ALWAYS_SEARCH_USER_PATHS = NO;
				CLANG_ANALYZER_NONNULL = YES;
				CLANG_ANALYZER_NUMBER_OBJECT_CONVERSION = YES_AGGRESSIVE;
				CLANG_CXX_LANGUAGE_STANDARD = "gnu++20";
				CLANG_ENABLE_MODULES = YES;
				CLANG_ENABLE_OBJC_ARC = YES;
				CLANG_ENABLE_OBJC_WEAK = YES;
				CLANG_WARN_BLOCK_CAPTURE_AUTORELEASING = YES;
				CLANG_WARN_BOOL_CONVERSION = YES;
				CLANG_WARN_COMMA = YES;
				CLANG_WARN_CONSTANT_CONVERSION = YES;
				CLANG_WARN_DEPRECATED_OBJC_IMPLEMENTATIONS = YES;
				CLANG_WARN_DIRECT_OBJC_ISA_USAGE = YES_ERROR;
				CLANG_WARN_DOCUMENTATION_COMMENTS = YES;
				CLANG_WARN_EMPTY_BODY = YES;
				CLANG_WARN_ENUM_CONVERSION = YES;
				CLANG_WARN_INFINITE_RECURSION = YES;
				CLANG_WARN_INT_CONVERSION = YES;
				CLANG_WARN_NON_LITERAL_NULL_CONVERSION = YES;
				CLANG_WARN_OBJC_IMPLICIT_RETAIN_SELF = YES;
				CLANG_WARN_OBJC_LITERAL_CONVERSION = YES;
				CLANG_WARN_OBJC_ROOT_CLASS = YES_ERROR;
				CLANG_WARN_QUOTED_INCLUDE_IN_FRAMEWORK_HEADER = YES;
				CLANG_WARN_RANGE_LOOP_ANALYSIS = YES;
				CLANG_WARN_STRICT_PROTOTYPES = YES;
				CLANG_WARN_SUSPICIOUS_MOVE = YES;
				CLANG_WARN_UNGUARDED_AVAILABILITY = YES_AGGRESSIVE;
				CLANG_WARN_UNREACHABLE_CODE = YES;
				CLANG_WARN__DUPLICATE_METHOD_MATCH = YES;
				COPY_PHASE_STRIP = NO;
				DEBUG_INFORMATION_FORMAT = dwarf;
				ENABLE_STRICT_OBJC_MSGSEND = YES;
				ENABLE_TESTABILITY = YES;
				GCC_C_LANGUAGE_STANDARD = gnu11;
				GCC_DYNAMIC_NO_PIC = NO;
				GCC_NO_COMMON_BLOCKS = YES;
				GCC_OPTIMIZATION_LEVEL = 0;
				GCC_PREPROCESSOR_DEFINITIONS = (
					"DEBUG=1",
					"$(inherited)",
				);
				GCC_WARN_64_TO_32_BIT_CONVERSION = YES;
				GCC_WARN_ABOUT_RETURN_TYPE = YES_ERROR;
				GCC_WARN_UNDECLARED_SELECTOR = YES;
				GCC_WARN_UNINITIALIZED_AUTOS = YES_AGGRESSIVE;
				GCC_WARN_UNUSED_FUNCTION = YES;
				GCC_WARN_UNUSED_VARIABLE = YES;
				IPHONEOS_DEPLOYMENT_TARGET = 16.0;
				MTL_ENABLE_DEBUG_INFO = INCLUDE_SOURCE;
				MTL_FAST_MATH = YES;
				ONLY_ACTIVE_ARCH = YES;
				SDKROOT = iphoneos;
				SWIFT_ACTIVE_COMPILATION_CONDITIONS = DEBUG;
				SWIFT_OPTIMIZATION_LEVEL = "-Onone";
			};
			name = Debug;
		};
		871E7AE4290531AA005CED45 /* Release */ = {
			isa = XCBuildConfiguration;
			buildSettings = {
				ALWAYS_SEARCH_USER_PATHS = NO;
				CLANG_ANALYZER_NONNULL = YES;
				CLANG_ANALYZER_NUMBER_OBJECT_CONVERSION = YES_AGGRESSIVE;
				CLANG_CXX_LANGUAGE_STANDARD = "gnu++20";
				CLANG_ENABLE_MODULES = YES;
				CLANG_ENABLE_OBJC_ARC = YES;
				CLANG_ENABLE_OBJC_WEAK = YES;
				CLANG_WARN_BLOCK_CAPTURE_AUTORELEASING = YES;
				CLANG_WARN_BOOL_CONVERSION = YES;
				CLANG_WARN_COMMA = YES;
				CLANG_WARN_CONSTANT_CONVERSION = YES;
				CLANG_WARN_DEPRECATED_OBJC_IMPLEMENTATIONS = YES;
				CLANG_WARN_DIRECT_OBJC_ISA_USAGE = YES_ERROR;
				CLANG_WARN_DOCUMENTATION_COMMENTS = YES;
				CLANG_WARN_EMPTY_BODY = YES;
				CLANG_WARN_ENUM_CONVERSION = YES;
				CLANG_WARN_INFINITE_RECURSION = YES;
				CLANG_WARN_INT_CONVERSION = YES;
				CLANG_WARN_NON_LITERAL_NULL_CONVERSION = YES;
				CLANG_WARN_OBJC_IMPLICIT_RETAIN_SELF = YES;
				CLANG_WARN_OBJC_LITERAL_CONVERSION = YES;
				CLANG_WARN_OBJC_ROOT_CLASS = YES_ERROR;
				CLANG_WARN_QUOTED_INCLUDE_IN_FRAMEWORK_HEADER = YES;
				CLANG_WARN_RANGE_LOOP_ANALYSIS = YES;
				CLANG_WARN_STRICT_PROTOTYPES = YES;
				CLANG_WARN_SUSPICIOUS_MOVE = YES;
				CLANG_WARN_UNGUARDED_AVAILABILITY = YES_AGGRESSIVE;
				CLANG_WARN_UNREACHABLE_CODE = YES;
				CLANG_WARN__DUPLICATE_METHOD_MATCH = YES;
				COPY_PHASE_STRIP = NO;
				DEBUG_INFORMATION_FORMAT = "dwarf-with-dsym";
				ENABLE_NS_ASSERTIONS = NO;
				ENABLE_STRICT_OBJC_MSGSEND = YES;
				GCC_C_LANGUAGE_STANDARD = gnu11;
				GCC_NO_COMMON_BLOCKS = YES;
				GCC_WARN_64_TO_32_BIT_CONVERSION = YES;
				GCC_WARN_ABOUT_RETURN_TYPE = YES_ERROR;
				GCC_WARN_UNDECLARED_SELECTOR = YES;
				GCC_WARN_UNINITIALIZED_AUTOS = YES_AGGRESSIVE;
				GCC_WARN_UNUSED_FUNCTION = YES;
				GCC_WARN_UNUSED_VARIABLE = YES;
				IPHONEOS_DEPLOYMENT_TARGET = 16.0;
				MTL_ENABLE_DEBUG_INFO = NO;
				MTL_FAST_MATH = YES;
				SDKROOT = iphoneos;
				SWIFT_COMPILATION_MODE = wholemodule;
				SWIFT_OPTIMIZATION_LEVEL = "-O";
				VALIDATE_PRODUCT = YES;
			};
			name = Release;
		};
		871E7AE6290531AA005CED45 /* Debug */ = {
			isa = XCBuildConfiguration;
			buildSettings = {
				ASSETCATALOG_COMPILER_APPICON_NAME = AppIcon;
				ASSETCATALOG_COMPILER_GLOBAL_ACCENT_COLOR_NAME = AccentColor;
				CODE_SIGN_STYLE = Automatic;
				CURRENT_PROJECT_VERSION = 1;
				DEVELOPMENT_TEAM = 88MJ4S84C5;
				GENERATE_INFOPLIST_FILE = YES;
				INFOPLIST_FILE = "Netflix Copy/Info.plist";
				INFOPLIST_KEY_UIApplicationSupportsIndirectInputEvents = YES;
				INFOPLIST_KEY_UILaunchStoryboardName = LaunchScreen;
				INFOPLIST_KEY_UISupportedInterfaceOrientations_iPad = "UIInterfaceOrientationPortrait UIInterfaceOrientationPortraitUpsideDown UIInterfaceOrientationLandscapeLeft UIInterfaceOrientationLandscapeRight";
				INFOPLIST_KEY_UISupportedInterfaceOrientations_iPhone = "UIInterfaceOrientationPortrait UIInterfaceOrientationLandscapeLeft UIInterfaceOrientationLandscapeRight";
				LD_RUNPATH_SEARCH_PATHS = (
					"$(inherited)",
					"@executable_path/Frameworks",
				);
				MARKETING_VERSION = 1.0;
				PRODUCT_BUNDLE_IDENTIFIER = "pluralCourse.Netflix-Copy";
				PRODUCT_NAME = "$(TARGET_NAME)";
				SWIFT_EMIT_LOC_STRINGS = YES;
				SWIFT_VERSION = 5.0;
				TARGETED_DEVICE_FAMILY = "1,2";
			};
			name = Debug;
		};
		871E7AE7290531AA005CED45 /* Release */ = {
			isa = XCBuildConfiguration;
			buildSettings = {
				ASSETCATALOG_COMPILER_APPICON_NAME = AppIcon;
				ASSETCATALOG_COMPILER_GLOBAL_ACCENT_COLOR_NAME = AccentColor;
				CODE_SIGN_STYLE = Automatic;
				CURRENT_PROJECT_VERSION = 1;
				DEVELOPMENT_TEAM = 88MJ4S84C5;
				GENERATE_INFOPLIST_FILE = YES;
				INFOPLIST_FILE = "Netflix Copy/Info.plist";
				INFOPLIST_KEY_UIApplicationSupportsIndirectInputEvents = YES;
				INFOPLIST_KEY_UILaunchStoryboardName = LaunchScreen;
				INFOPLIST_KEY_UISupportedInterfaceOrientations_iPad = "UIInterfaceOrientationPortrait UIInterfaceOrientationPortraitUpsideDown UIInterfaceOrientationLandscapeLeft UIInterfaceOrientationLandscapeRight";
				INFOPLIST_KEY_UISupportedInterfaceOrientations_iPhone = "UIInterfaceOrientationPortrait UIInterfaceOrientationLandscapeLeft UIInterfaceOrientationLandscapeRight";
				LD_RUNPATH_SEARCH_PATHS = (
					"$(inherited)",
					"@executable_path/Frameworks",
				);
				MARKETING_VERSION = 1.0;
				PRODUCT_BUNDLE_IDENTIFIER = "pluralCourse.Netflix-Copy";
				PRODUCT_NAME = "$(TARGET_NAME)";
				SWIFT_EMIT_LOC_STRINGS = YES;
				SWIFT_VERSION = 5.0;
				TARGETED_DEVICE_FAMILY = "1,2";
			};
			name = Release;
		};
/* End XCBuildConfiguration section */

/* Begin XCConfigurationList section */
		871E7ACC290531A9005CED45 /* Build configuration list for PBXProject "Netflix Copy" */ = {
			isa = XCConfigurationList;
			buildConfigurations = (
				871E7AE3290531AA005CED45 /* Debug */,
				871E7AE4290531AA005CED45 /* Release */,
			);
			defaultConfigurationIsVisible = 0;
			defaultConfigurationName = Release;
		};
		871E7AE5290531AA005CED45 /* Build configuration list for PBXNativeTarget "Netflix Copy" */ = {
			isa = XCConfigurationList;
			buildConfigurations = (
				871E7AE6290531AA005CED45 /* Debug */,
				871E7AE7290531AA005CED45 /* Release */,
			);
			defaultConfigurationIsVisible = 0;
			defaultConfigurationName = Release;
		};
/* End XCConfigurationList section */

/* Begin XCRemoteSwiftPackageReference section */
		8745B4B82907016800E18259 /* XCRemoteSwiftPackageReference "SDWebImage" */ = {
			isa = XCRemoteSwiftPackageReference;
			repositoryURL = "https://github.com/SDWebImage/SDWebImage.git";
			requirement = {
				kind = upToNextMajorVersion;
				minimumVersion = 5.0.0;
			};
		};
/* End XCRemoteSwiftPackageReference section */

/* Begin XCSwiftPackageProductDependency section */
		8745B4B92907016800E18259 /* SDWebImage */ = {
			isa = XCSwiftPackageProductDependency;
			package = 8745B4B82907016800E18259 /* XCRemoteSwiftPackageReference "SDWebImage" */;
			productName = SDWebImage;
		};
		8745B4BB2907016800E18259 /* SDWebImageMapKit */ = {
			isa = XCSwiftPackageProductDependency;
			package = 8745B4B82907016800E18259 /* XCRemoteSwiftPackageReference "SDWebImage" */;
			productName = SDWebImageMapKit;
		};
/* End XCSwiftPackageProductDependency section */
	};
	rootObject = 871E7AC9290531A9005CED45 /* Project object */;
}
